
Microsoft Visual Studio Solution File, Format Version 12.00
# Visual Studio Version 17
VisualStudioVersion = 17.0.31903.59
MinimumVisualStudioVersion = 10.0.40219.1
Project("{FAE04EC0-301F-11D3-BF4B-00C04F79EFBC}") = "JobPortal.API", "JobPortal.API\JobPortal.API.csproj", "{95D395FF-D2F5-46BC-A3D4-849AC2853195}"
EndProject
Project("{FAE04EC0-301F-11D3-BF4B-00C04F79EFBC}") = "JobPortal.Application", "JobPortal.Application\JobPortal.Application.csproj", "{DF8019C5-CB37-4AB7-87A6-1275ED4115EE}"
EndProject
Project("{FAE04EC0-301F-11D3-BF4B-00C04F79EFBC}") = "JobPortal.Domain", "JobPortal.Domain\JobPortal.Domain.csproj", "{1D79F478-4AA1-48F6-9442-ADF4153C4192}"
EndProject
Project("{FAE04EC0-301F-11D3-BF4B-00C04F79EFBC}") = "JobPortal.Infrastructure", "JobPortal.Infrastructure\JobPortal.Infrastructure.csproj", "{2822FED7-6967-462F-AA53-E7BDA26EBD6E}"
EndProject
Project("{FAE04EC0-301F-11D3-BF4B-00C04F79EFBC}") = "JobPortal.Tests", "JobPortal.Tests\JobPortal.Tests.csproj", "{DE34ECB1-4F9E-44F0-AD83-A112D91ACC36}"
EndProject
Global
	GlobalSection(SolutionConfigurationPlatforms) = preSolution
		Debug|Any CPU = Debug|Any CPU
		Release|Any CPU = Release|Any CPU
	EndGlobalSection
	GlobalSection(SolutionProperties) = preSolution
		HideSolutionNode = FALSE
	EndGlobalSection
	GlobalSection(ProjectConfigurationPlatforms) = postSolution
		{95D395FF-D2F5-46BC-A3D4-849AC2853195}.Debug|Any CPU.ActiveCfg = Debug|Any CPU
		{95D395FF-D2F5-46BC-A3D4-849AC2853195}.Debug|Any CPU.Build.0 = Debug|Any CPU
		{95D395FF-D2F5-46BC-A3D4-849AC2853195}.Release|Any CPU.ActiveCfg = Release|Any CPU
		{95D395FF-D2F5-46BC-A3D4-849AC2853195}.Release|Any CPU.Build.0 = Release|Any CPU
		{DF8019C5-CB37-4AB7-87A6-1275ED4115EE}.Debug|Any CPU.ActiveCfg = Debug|Any CPU
		{DF8019C5-CB37-4AB7-87A6-1275ED4115EE}.Debug|Any CPU.Build.0 = Debug|Any CPU
		{DF8019C5-CB37-4AB7-87A6-1275ED4115EE}.Release|Any CPU.ActiveCfg = Release|Any CPU
		{DF8019C5-CB37-4AB7-87A6-1275ED4115EE}.Release|Any CPU.Build.0 = Release|Any CPU
		{1D79F478-4AA1-48F6-9442-ADF4153C4192}.Debug|Any CPU.ActiveCfg = Debug|Any CPU
		{1D79F478-4AA1-48F6-9442-ADF4153C4192}.Debug|Any CPU.Build.0 = Debug|Any CPU
		{1D79F478-4AA1-48F6-9442-ADF4153C4192}.Release|Any CPU.ActiveCfg = Release|Any CPU
		{1D79F478-4AA1-48F6-9442-ADF4153C4192}.Release|Any CPU.Build.0 = Release|Any CPU
		{2822FED7-6967-462F-AA53-E7BDA26EBD6E}.Debug|Any CPU.ActiveCfg = Debug|Any CPU
		{2822FED7-6967-462F-AA53-E7BDA26EBD6E}.Debug|Any CPU.Build.0 = Debug|Any CPU
		{2822FED7-6967-462F-AA53-E7BDA26EBD6E}.Release|Any CPU.ActiveCfg = Release|Any CPU
		{2822FED7-6967-462F-AA53-E7BDA26EBD6E}.Release|Any CPU.Build.0 = Release|Any CPU
		{DE34ECB1-4F9E-44F0-AD83-A112D91ACC36}.Debug|Any CPU.ActiveCfg = Debug|Any CPU
		{DE34ECB1-4F9E-44F0-AD83-A112D91ACC36}.Debug|Any CPU.Build.0 = Debug|Any CPU
		{DE34ECB1-4F9E-44F0-AD83-A112D91ACC36}.Release|Any CPU.ActiveCfg = Release|Any CPU
		{DE34ECB1-4F9E-44F0-AD83-A112D91ACC36}.Release|Any CPU.Build.0 = Release|Any CPU
	EndGlobalSection
EndGlobal
